
Microsoft Visual Studio Solution File, Format Version 12.00
# Visual Studio 15
VisualStudioVersion = 15.0.28307.539
MinimumVisualStudioVersion = 10.0.40219.1
Project("{FAE04EC0-301F-11D3-BF4B-00C04F79EFBC}") = "Klad", "Klad\Klad.csproj", "{5E0D0233-0CED-4BDF-9529-10378F4357E7}"
EndProject
Global
	GlobalSection(SolutionConfigurationPlatforms) = preSolution
		Debug|Any CPU = Debug|Any CPU
		Release|Any CPU = Release|Any CPU
	EndGlobalSection
	GlobalSection(ProjectConfigurationPlatforms) = postSolution
		{5E0D0233-0CED-4BDF-9529-10378F4357E7}.Debug|Any CPU.ActiveCfg = Debug|Any CPU
		{5E0D0233-0CED-4BDF-9529-10378F4357E7}.Debug|Any CPU.Build.0 = Debug|Any CPU
		{5E0D0233-0CED-4BDF-9529-10378F4357E7}.Release|Any CPU.ActiveCfg = Release|Any CPU
		{5E0D0233-0CED-4BDF-9529-10378F4357E7}.Release|Any CPU.Build.0 = Release|Any CPU
	EndGlobalSection
	GlobalSection(SolutionProperties) = preSolution
		HideSolutionNode = FALSE
	EndGlobalSection
	GlobalSection(ExtensibilityGlobals) = postSolution
		SolutionGuid = {58A93D96-64ED-4D4F-B0C5-763F0F41174A}
	EndGlobalSection
EndGlobal
